version = 1
revision = 3
requires-python = ">=3.14"

[[package]]
name = "bleach"
version = "6.3.0"
source = { registry = "https://pypi.org/simple" }
dependencies = [
    { name = "webencodings" },
]
sdist = { url = "https://files.pythonhosted.org/packages/07/18/3c8523962314be6bf4c8989c79ad9531c825210dd13a8669f6b84336e8bd/bleach-6.3.0.tar.gz", hash = "sha256:6f3b91b1c0a02bb9a78b5a454c92506aa0fdf197e1d5e114d2e00c6f64306d22", size = 203533, upload-time = "2025-10-27T17:57:39.211Z" }
wheels = [
    { url = "https://files.pythonhosted.org/packages/cd/3a/577b549de0cc09d95f11087ee63c739bba856cd3952697eec4c4bb91350a/bleach-6.3.0-py3-none-any.whl", hash = "sha256:fe10ec77c93ddf3d13a73b035abaac7a9f5e436513864ccdad516693213c65d6", size = 164437, upload-time = "2025-10-27T17:57:37.538Z" },
]

[[package]]
name = "blinker"
version = "1.9.0"
source = { registry = "https://pypi.org/simple" }
sdist = { url = "https://files.pythonhosted.org/packages/21/28/9b3f50ce0e048515135495f198351908d99540d69bfdc8c1d15b73dc55ce/blinker-1.9.0.tar.gz", hash = "sha256:b4ce2265a7abece45e7cc896e98dbebe6cead56bcf805a3d23136d145f5445bf", size = 22460, upload-time = "2024-11-08T17:25:47.436Z" }
wheels = [
    { url = "https://files.pythonhosted.org/packages/10/cb/f2ad4230dc2eb1a74edf38f1a38b9b52277f75bef262d8908e60d957e13c/blinker-1.9.0-py3-none-any.whl", hash = "sha256:ba0efaa9080b619ff2f3459d1d500c57bddea4a6b424b60a91141db6fd2f08bc", size = 8458, upload-time = "2024-11-08T17:25:46.184Z" },
]

[[package]]
name = "bootstrap-flask"
version = "2.5.0"
source = { registry = "https://pypi.org/simple" }
dependencies = [
    { name = "flask" },
    { name = "wtforms" },
]
sdist = { url = "https://files.pythonhosted.org/packages/ed/b5/24cb630ee5bc1ba8e5a5fbac3b59331af77d000df837cdb77ab69b3c4a5b/bootstrap_flask-2.5.0.tar.gz", hash = "sha256:b6e5ea1ce40616fb289c9e85d4beedd43fea2048b4032f4abc83a582db494978", size = 4534974, upload-time = "2025-05-02T15:45:48.644Z" }
wheels = [
    { url = "https://files.pythonhosted.org/packages/a6/bd/a61a69ba3595735049f5acdcaa049a6c731be4b083dad4ae4b3a85b21e90/bootstrap_flask-2.5.0-py3-none-any.whl", hash = "sha256:dd76203fe4d46062bf1e7fd2a25aaccdc54affde9acc282f6aa4da4f4bbf2a5a", size = 4637470, upload-time = "2025-05-02T15:45:46.157Z" },
]

[[package]]
name = "click"
version = "8.3.1"
source = { registry = "https://pypi.org/simple" }
dependencies = [
    { name = "colorama", marker = "sys_platform == 'win32'" },
]
sdist = { url = "https://files.pythonhosted.org/packages/3d/fa/656b739db8587d7b5dfa22e22ed02566950fbfbcdc20311993483657a5c0/click-8.3.1.tar.gz", hash = "sha256:12ff4785d337a1bb490bb7e9c2b1ee5da3112e94a8622f26a6c77f5d2fc6842a", size = 295065, upload-time = "2025-11-15T20:45:42.706Z" }
wheels = [
    { url = "https://files.pythonhosted.org/packages/98/78/01c019cdb5d6498122777c1a43056ebb3ebfeef2076d9d026bfe15583b2b/click-8.3.1-py3-none-any.whl", hash = "sha256:981153a64e25f12d547d3426c367a4857371575ee7ad18df2a6183ab0545b2a6", size = 108274, upload-time = "2025-11-15T20:45:41.139Z" },
]

[[package]]
name = "colorama"
version = "0.4.6"
source = { registry = "https://pypi.org/simple" }
sdist = { url = "https://files.pythonhosted.org/packages/d8/53/6f443c9a4a8358a93a6792e2acffb9d9d5cb0a5cfd8802644b7b1c9a02e4/colorama-0.4.6.tar.gz", hash = "sha256:08695f5cb7ed6e0531a20572697297273c47b8cae5a63ffc6d6ed5c201be6e44", size = 27697, upload-time = "2022-10-25T02:36:22.414Z" }
wheels = [
    { url = "https://files.pythonhosted.org/packages/d1/d6/3965ed04c63042e047cb6a3e6ed1a63a35087b6a609aa3a15ed8ac56c221/colorama-0.4.6-py2.py3-none-any.whl", hash = "sha256:4f1d9991f5acc0ca119f9d443620b77f9d6b33703e51011c16baf57afb285fc6", size = 25335, upload-time = "2022-10-25T02:36:20.889Z" },
]

[[package]]
name = "day-71-deployment"
version = "0.1.0"
source = { virtual = "." }
dependencies = [
    { name = "bleach" },
    { name = "bootstrap-flask" },
    { name = "flask" },
    { name = "flask-ckeditor" },
    { name = "flask-login" },
    { name = "flask-sqlalchemy" },
    { name = "flask-wtf" },
    { name = "gunicorn" },
    { name = "psycopg-binary" },
    { name = "sqlalchemy" },
    { name = "werkzeug" },
    { name = "wtforms" },
]

[package.metadata]
requires-dist = [
    { name = "bleach", specifier = ">=6.3.0" },
    { name = "bootstrap-flask", specifier = "==2.5.0" },
    { name = "flask", specifier = "==3.1.3" },
    { name = "flask-ckeditor", specifier = "==1.0.0" },
    { name = "flask-login", specifier = "==0.6.3" },
    { name = "flask-sqlalchemy", specifier = "==3.1.1" },
    { name = "flask-wtf", specifier = "==1.2.2" },
    { name = "gunicorn", specifier = "==25.1.0" },
    { name = "psycopg-binary", specifier = "==3.3.3" },
    { name = "sqlalchemy", specifier = "==2.1.0b1" },
    { name = "werkzeug", specifier = "==3.1.6" },
    { name = "wtforms", specifier = "==3.2.1" },
]

[[package]]
name = "flask"
version = "3.1.3"
source = { registry = "https://pypi.org/simple" }
dependencies = [
    { name = "blinker" },
    { name = "click" },
    { name = "itsdangerous" },
    { name = "jinja2" },
    { name = "markupsafe" },
    { name = "werkzeug" },
]
sdist = { url = "https://files.pythonhosted.org/packages/26/00/35d85dcce6c57fdc871f3867d465d780f302a175ea360f62533f12b27e2b/flask-3.1.3.tar.gz", hash = "sha256:0ef0e52b8a9cd932855379197dd8f94047b359ca0a78695144304cb45f87c9eb", size = 759004, upload-time = "2026-02-19T05:00:57.678Z" }
wheels = [
    { url = "https://files.pythonhosted.org/packages/7f/9c/34f6962f9b9e9c71f6e5ed806e0d0ff03c9d1b0b2340088a0cf4bce09b18/flask-3.1.3-py3-none-any.whl", hash = "sha256:f4bcbefc124291925f1a26446da31a5178f9483862233b23c0c96a20701f670c", size = 103424, upload-time = "2026-02-19T05:00:56.027Z" },
]

[[package]]
name = "flask-ckeditor"
version = "1.0.0"
source = { registry = "https://pypi.org/simple" }
dependencies = [
    { name = "flask" },
]
sdist = { url = "https://files.pythonhosted.org/packages/a6/c9/d7559169bfc76c29054e1a4a4f1c49c034c1ba931181e48bb6af7ed87e7a/flask_ckeditor-1.0.0.tar.gz", hash = "sha256:e1737ca180ea0d46d53226f888f4786589f2e8ed810694aaff2aa68dfad15a98", size = 3387711, upload-time = "2024-07-04T15:42:45.23Z" }
wheels = [
    { url = "https://files.pythonhosted.org/packages/32/80/961516d05ffaf17c32aa595d30cdf7287a218d2ff60f212a09de512ffb19/Flask_CKEditor-1.0.0-py2.py3-none-any.whl", hash = "sha256:1a4aa871b510100df7bb8401b71cdcddfe1fd6d860649bc3760d0d43df485d72", size = 4581046, upload-time = "2024-07-04T15:42:42.851Z" },
]

[[package]]
name = "flask-login"
version = "0.6.3"
source = { registry = "https://pypi.org/simple" }
dependencies = [
    { name = "flask" },
    { name = "werkzeug" },
]
sdist = { url = "https://files.pythonhosted.org/packages/c3/6e/2f4e13e373bb49e68c02c51ceadd22d172715a06716f9299d9df01b6ddb2/Flask-Login-0.6.3.tar.gz", hash = "sha256:5e23d14a607ef12806c699590b89d0f0e0d67baeec599d75947bf9c147330333", size = 48834, upload-time = "2023-10-30T14:53:21.151Z" }
wheels = [
    { url = "https://files.pythonhosted.org/packages/59/f5/67e9cc5c2036f58115f9fe0f00d203cf6780c3ff8ae0e705e7a9d9e8ff9e/Flask_Login-0.6.3-py3-none-any.whl", hash = "sha256:849b25b82a436bf830a054e74214074af59097171562ab10bfa999e6b78aae5d", size = 17303, upload-time = "2023-10-30T14:53:19.636Z" },
]

[[package]]
name = "flask-sqlalchemy"
version = "3.1.1"
source = { registry = "https://pypi.org/simple" }
dependencies = [
    { name = "flask" },
    { name = "sqlalchemy" },
]
sdist = { url = "https://files.pythonhosted.org/packages/91/53/b0a9fcc1b1297f51e68b69ed3b7c3c40d8c45be1391d77ae198712914392/flask_sqlalchemy-3.1.1.tar.gz", hash = "sha256:e4b68bb881802dda1a7d878b2fc84c06d1ee57fb40b874d3dc97dabfa36b8312", size = 81899, upload-time = "2023-09-11T21:42:36.147Z" }
wheels = [
    { url = "https://files.pythonhosted.org/packages/1d/6a/89963a5c6ecf166e8be29e0d1bf6806051ee8fe6c82e232842e3aeac9204/flask_sqlalchemy-3.1.1-py3-none-any.whl", hash = "sha256:4ba4be7f419dc72f4efd8802d69974803c37259dd42f3913b0dcf75c9447e0a0", size = 25125, upload-time = "2023-09-11T21:42:34.514Z" },
]

[[package]]
name = "flask-wtf"
version = "1.2.2"
source = { registry = "https://pypi.org/simple" }
dependencies = [
    { name = "flask" },
    { name = "itsdangerous" },
    { name = "wtforms" },
]
sdist = { url = "https://files.pythonhosted.org/packages/80/9b/f1cd6e41bbf874f3436368f2c7ee3216c1e82d666ff90d1d800e20eb1317/flask_wtf-1.2.2.tar.gz", hash = "sha256:79d2ee1e436cf570bccb7d916533fa18757a2f18c290accffab1b9a0b684666b", size = 42641, upload-time = "2024-10-24T07:18:58.555Z" }
wheels = [
    { url = "https://files.pythonhosted.org/packages/dc/19/354449145fbebb65e7c621235b6ad69bebcfaec2142481f044d0ddc5b5c5/flask_wtf-1.2.2-py3-none-any.whl", hash = "sha256:e93160c5c5b6b571cf99300b6e01b72f9a101027cab1579901f8b10c5daf0b70", size = 12779, upload-time = "2024-10-24T07:18:56.976Z" },
]

[[package]]
name = "gunicorn"
version = "25.1.0"
source = { registry = "https://pypi.org/simple" }
dependencies = [
    { name = "packaging" },
]
sdist = { url = "https://files.pythonhosted.org/packages/66/13/ef67f59f6a7896fdc2c1d62b5665c5219d6b0a9a1784938eb9a28e55e128/gunicorn-25.1.0.tar.gz", hash = "sha256:1426611d959fa77e7de89f8c0f32eed6aa03ee735f98c01efba3e281b1c47616", size = 594377, upload-time = "2026-02-13T11:09:58.989Z" }
wheels = [
    { url = "https://files.pythonhosted.org/packages/da/73/4ad5b1f6a2e21cf1e85afdaad2b7b1a933985e2f5d679147a1953aaa192c/gunicorn-25.1.0-py3-none-any.whl", hash = "sha256:d0b1236ccf27f72cfe14bce7caadf467186f19e865094ca84221424e839b8b8b", size = 197067, upload-time = "2026-02-13T11:09:57.146Z" },
]

[[package]]
name = "itsdangerous"
version = "2.2.0"
source = { registry = "https://pypi.org/simple" }
sdist = { url = "https://files.pythonhosted.org/packages/9c/cb/8ac0172223afbccb63986cc25049b154ecfb5e85932587206f42317be31d/itsdangerous-2.2.0.tar.gz", hash = "sha256:e0050c0b7da1eea53ffaf149c0cfbb5c6e2e2b69c4bef22c81fa6eb73e5f6173", size = 54410, upload-time = "2024-04-16T21:28:15.614Z" }
wheels = [
    { url = "https://files.pythonhosted.org/packages/04/96/92447566d16df59b2a776c0fb82dbc4d9e07cd95062562af01e408583fc4/itsdangerous-2.2.0-py3-none-any.whl", hash = "sha256:c6242fc49e35958c8b15141343aa660db5fc54d4f13a1db01a3f5891b98700ef", size = 16234, upload-time = "2024-04-16T21:28:14.499Z" },
]

[[package]]
name = "jinja2"
version = "3.1.6"
source = { registry = "https://pypi.org/simple" }
dependencies = [
    { name = "markupsafe" },
]
sdist = { url = "https://files.pythonhosted.org/packages/df/bf/f7da0350254c0ed7c72f3e33cef02e048281fec7ecec5f032d4aac52226b/jinja2-3.1.6.tar.gz", hash = "sha256:0137fb05990d35f1275a587e9aee6d56da821fc83491a0fb838183be43f66d6d", size = 245115, upload-time = "2025-03-05T20:05:02.478Z" }
wheels = [
    { url = "https://files.pythonhosted.org/packages/62/a1/3d680cbfd5f4b8f15abc1d571870c5fc3e594bb582bc3b64ea099db13e56/jinja2-3.1.6-py3-none-any.whl", hash = "sha256:85ece4451f492d0c13c5dd7c13a64681a86afae63a5f347908daf103ce6d2f67", size = 134899, upload-time = "2025-03-05T20:05:00.369Z" },
]

[[package]]
name = "markupsafe"
version = "3.0.3"
source = { registry = "https://pypi.org/simple" }
sdist = { url = "https://files.pythonhosted.org/packages/7e/99/7690b6d4034fffd95959cbe0c02de8deb3098cc577c67bb6a24fe5d7caa7/markupsafe-3.0.3.tar.gz", hash = "sha256:722695808f4b6457b320fdc131280796bdceb04ab50fe1795cd540799ebe1698", size = 80313, upload-time = "2025-09-27T18:37:40.426Z" }
wheels = [
    { url = "https://files.pythonhosted.org/packages/33/8a/8e42d4838cd89b7dde187011e97fe6c3af66d8c044997d2183fbd6d31352/markupsafe-3.0.3-cp314-cp314-macosx_10_13_x86_64.whl", hash = "sha256:eaa9599de571d72e2daf60164784109f19978b327a3910d3e9de8c97b5b70cfe", size = 11619, upload-time = "2025-09-27T18:37:06.342Z" },
    { url = "https://files.pythonhosted.org/packages/b5/64/7660f8a4a8e53c924d0fa05dc3a55c9cee10bbd82b11c5afb27d44b096ce/markupsafe-3.0.3-cp314-cp314-macosx_11_0_arm64.whl", hash = "sha256:c47a551199eb8eb2121d4f0f15ae0f923d31350ab9280078d1e5f12b249e0026", size = 12029, upload-time = "2025-09-27T18:37:07.213Z" },
    { url = "https://files.pythonhosted.org/packages/da/ef/e648bfd021127bef5fa12e1720ffed0c6cbb8310c8d9bea7266337ff06de/markupsafe-3.0.3-cp314-cp314-manylinux2014_aarch64.manylinux_2_17_aarch64.manylinux_2_28_aarch64.whl", hash = "sha256:f34c41761022dd093b4b6896d4810782ffbabe30f2d443ff5f083e0cbbb8c737", size = 24408, upload-time = "2025-09-27T18:37:09.572Z" },
    { url = "https://files.pythonhosted.org/packages/41/3c/a36c2450754618e62008bf7435ccb0f88053e07592e6028a34776213d877/markupsafe-3.0.3-cp314-cp314-manylinux2014_x86_64.manylinux_2_17_x86_64.manylinux_2_28_x86_64.whl", hash = "sha256:457a69a9577064c05a97c41f4e65148652db078a3a509039e64d3467b9e7ef97", size = 23005, upload-time = "2025-09-27T18:37:10.58Z" },
    { url = "https://files.pythonhosted.org/packages/bc/20/b7fdf89a8456b099837cd1dc21974632a02a999ec9bf7ca3e490aacd98e7/markupsafe-3.0.3-cp314-cp314-manylinux_2_31_riscv64.manylinux_2_39_riscv64.whl", hash = "sha256:e8afc3f2ccfa24215f8cb28dcf43f0113ac3c37c2f0f0806d8c70e4228c5cf4d", size = 22048, upload-time = "2025-09-27T18:37:11.547Z" },
    { url = "https://files.pythonhosted.org/packages/9a/a7/591f592afdc734f47db08a75793a55d7fbcc6902a723ae4cfbab61010cc5/markupsafe-3.0.3-cp314-cp314-musllinux_1_2_aarch64.whl", hash = "sha256:ec15a59cf5af7be74194f7ab02d0f59a62bdcf1a537677ce67a2537c9b87fcda", size = 23821, upload-time = "2025-09-27T18:37:12.48Z" },
    { url = "https://files.pythonhosted.org/packages/7d/33/45b24e4f44195b26521bc6f1a82197118f74df348556594bd2262bda1038/markupsafe-3.0.3-cp314-cp314-musllinux_1_2_riscv64.whl", hash = "sha256:0eb9ff8191e8498cca014656ae6b8d61f39da5f95b488805da4bb029cccbfbaf", size = 21606, upload-time = "2025-09-27T18:37:13.485Z" },
    { url = "https://files.pythonhosted.org/packages/ff/0e/53dfaca23a69fbfbbf17a4b64072090e70717344c52eaaaa9c5ddff1e5f0/markupsafe-3.0.3-cp314-cp314-musllinux_1_2_x86_64.whl", hash = "sha256:2713baf880df847f2bece4230d4d094280f4e67b1e813eec43b4c0e144a34ffe", size = 23043, upload-time = "2025-09-27T18:37:14.408Z" },
    { url = "https://files.pythonhosted.org/packages/46/11/f333a06fc16236d5238bfe74daccbca41459dcd8d1fa952e8fbd5dccfb70/markupsafe-3.0.3-cp314-cp314-win32.whl", hash = "sha256:729586769a26dbceff69f7a7dbbf59ab6572b99d94576a5592625d5b411576b9", size = 14747, upload-time = "2025-09-27T18:37:15.36Z" },
    { url = "https://files.pythonhosted.org/packages/28/52/182836104b33b444e400b14f797212f720cbc9ed6ba34c800639d154e821/markupsafe-3.0.3-cp314-cp314-win_amd64.whl", hash = "sha256:bdc919ead48f234740ad807933cdf545180bfbe9342c2bb451556db2ed958581", size = 15341, upload-time = "2025-09-27T18:37:16.496Z" },
    { url = "https://files.pythonhosted.org/packages/6f/18/acf23e91bd94fd7b3031558b1f013adfa21a8e407a3fdb32745538730382/markupsafe-3.0.3-cp314-cp314-win_arm64.whl", hash = "sha256:5a7d5dc5140555cf21a6fefbdbf8723f06fcd2f63ef108f2854de715e4422cb4", size = 14073, upload-time = "2025-09-27T18:37:17.476Z" },
    { url = "https://files.pythonhosted.org/packages/3c/f0/57689aa4076e1b43b15fdfa646b04653969d50cf30c32a102762be2485da/markupsafe-3.0.3-cp314-cp314t-macosx_10_13_x86_64.whl", hash = "sha256:1353ef0c1b138e1907ae78e2f6c63ff67501122006b0f9abad68fda5f4ffc6ab", size = 11661, upload-time = "2025-09-27T18:37:18.453Z" },
    { url = "https://files.pythonhosted.org/packages/89/c3/2e67a7ca217c6912985ec766c6393b636fb0c2344443ff9d91404dc4c79f/markupsafe-3.0.3-cp314-cp314t-macosx_11_0_arm64.whl", hash = "sha256:1085e7fbddd3be5f89cc898938f42c0b3c711fdcb37d75221de2666af647c175", size = 12069, upload-time = "2025-09-27T18:37:19.332Z" },
    { url = "https://files.pythonhosted.org/packages/f0/00/be561dce4e6ca66b15276e184ce4b8aec61fe83662cce2f7d72bd3249d28/markupsafe-3.0.3-cp314-cp314t-manylinux2014_aarch64.manylinux_2_17_aarch64.manylinux_2_28_aarch64.whl", hash = "sha256:1b52b4fb9df4eb9ae465f8d0c228a00624de2334f216f178a995ccdcf82c4634", size = 25670, upload-time = "2025-09-27T18:37:20.245Z" },
    { url = "https://files.pythonhosted.org/packages/50/09/c419f6f5a92e5fadde27efd190eca90f05e1261b10dbd8cbcb39cd8ea1dc/markupsafe-3.0.3-cp314-cp314t-manylinux2014_x86_64.manylinux_2_17_x86_64.manylinux_2_28_x86_64.whl", hash = "sha256:fed51ac40f757d41b7c48425901843666a6677e3e8eb0abcff09e4ba6e664f50", size = 23598, upload-time = "2025-09-27T18:37:21.177Z" },
    { url = "https://files.pythonhosted.org/packages/22/44/a0681611106e0b2921b3033fc19bc53323e0b50bc70cffdd19f7d679bb66/markupsafe-3.0.3-cp314-cp314t-manylinux_2_31_riscv64.manylinux_2_39_riscv64.whl", hash = "sha256:f190daf01f13c72eac4efd5c430a8de82489d9cff23c364c3ea822545032993e", size = 23261, upload-time = "2025-09-27T18:37:22.167Z" },
    { url = "https://files.pythonhosted.org/packages/5f/57/1b0b3f100259dc9fffe780cfb60d4be71375510e435efec3d116b6436d43/markupsafe-3.0.3-cp314-cp314t-musllinux_1_2_aarch64.whl", hash = "sha256:e56b7d45a839a697b5eb268c82a71bd8c7f6c94d6fd50c3d577fa39a9f1409f5", size = 24835, upload-time = "2025-09-27T18:37:23.296Z" },
    { url = "https://files.pythonhosted.org/packages/26/6a/4bf6d0c97c4920f1597cc14dd720705eca0bf7c787aebc6bb4d1bead5388/markupsafe-3.0.3-cp314-cp314t-musllinux_1_2_riscv64.whl", hash = "sha256:f3e98bb3798ead92273dc0e5fd0f31ade220f59a266ffd8a4f6065e0a3ce0523", size = 22733, upload-time = "2025-09-27T18:37:24.237Z" },
    { url = "https://files.pythonhosted.org/packages/14/c7/ca723101509b518797fedc2fdf79ba57f886b4aca8a7d31857ba3ee8281f/markupsafe-3.0.3-cp314-cp314t-musllinux_1_2_x86_64.whl", hash = "sha256:5678211cb9333a6468fb8d8be0305520aa073f50d17f089b5b4b477ea6e67fdc", size = 23672, upload-time = "2025-09-27T18:37:25.271Z" },
    { url = "https://files.pythonhosted.org/packages/fb/df/5bd7a48c256faecd1d36edc13133e51397e41b73bb77e1a69deab746ebac/markupsafe-3.0.3-cp314-cp314t-win32.whl", hash = "sha256:915c04ba3851909ce68ccc2b8e2cd691618c4dc4c4232fb7982bca3f41fd8c3d", size = 14819, upload-time = "2025-09-27T18:37:26.285Z" },
    { url = "https://files.pythonhosted.org/packages/1a/8a/0402ba61a2f16038b48b39bccca271134be00c5c9f0f623208399333c448/markupsafe-3.0.3-cp314-cp314t-win_amd64.whl", hash = "sha256:4faffd047e07c38848ce017e8725090413cd80cbc23d86e55c587bf979e579c9", size = 15426, upload-time = "2025-09-27T18:37:27.316Z" },
    { url = "https://files.pythonhosted.org/packages/70/bc/6f1c2f612465f5fa89b95bead1f44dcb607670fd42891d8fdcd5d039f4f4/markupsafe-3.0.3-cp314-cp314t-win_arm64.whl", hash = "sha256:32001d6a8fc98c8cb5c947787c5d08b0a50663d139f1305bac5885d98d9b40fa", size = 14146, upload-time = "2025-09-27T18:37:28.327Z" },
]

[[package]]
name = "packaging"
version = "26.0"
source = { registry = "https://pypi.org/simple" }
sdist = { url = "https://files.pythonhosted.org/packages/65/ee/299d360cdc32edc7d2cf530f3accf79c4fca01e96ffc950d8a52213bd8e4/packaging-26.0.tar.gz", hash = "sha256:00243ae351a257117b6a241061796684b084ed1c516a08c48a3f7e147a9d80b4", size = 143416, upload-time = "2026-01-21T20:50:39.064Z" }
wheels = [
    { url = "https://files.pythonhosted.org/packages/b7/b9/c538f279a4e237a006a2c98387d081e9eb060d203d8ed34467cc0f0b9b53/packaging-26.0-py3-none-any.whl", hash = "sha256:b36f1fef9334a5588b4166f8bcd26a14e521f2b55e6b9de3aaa80d3ff7a37529", size = 74366, upload-time = "2026-01-21T20:50:37.788Z" },
]

[[package]]
name = "psycopg-binary"
version = "3.3.3"
source = { registry = "https://pypi.org/simple" }
wheels = [
    { url = "https://files.pythonhosted.org/packages/a2/71/7a57e5b12275fe7e7d84d54113f0226080423a869118419c9106c083a21c/psycopg_binary-3.3.3-cp314-cp314-macosx_10_15_x86_64.whl", hash = "sha256:497852c5eaf1f0c2d88ab74a64a8097c099deac0c71de1cbcf18659a8a04a4b2", size = 4607368, upload-time = "2026-02-18T16:51:19.295Z" },
    { url = "https://files.pythonhosted.org/packages/c7/04/cb834f120f2b2c10d4003515ef9ca9d688115b9431735e3936ae48549af8/psycopg_binary-3.3.3-cp314-cp314-macosx_11_0_arm64.whl", hash = "sha256:258d1ea53464d29768bf25930f43291949f4c7becc706f6e220c515a63a24edd", size = 4687047, upload-time = "2026-02-18T16:51:23.84Z" },
    { url = "https://files.pythonhosted.org/packages/40/e9/47a69692d3da9704468041aa5ed3ad6fc7f6bb1a5ae788d261a26bbca6c7/psycopg_binary-3.3.3-cp314-cp314-manylinux2014_ppc64le.manylinux_2_17_ppc64le.whl", hash = "sha256:111c59897a452196116db12e7f608da472fbff000693a21040e35fc978b23430", size = 5487096, upload-time = "2026-02-18T16:51:29.645Z" },
    { url = "https://files.pythonhosted.org/packages/0b/b6/0e0dd6a2f802864a4ae3dbadf4ec620f05e3904c7842b326aafc43e5f464/psycopg_binary-3.3.3-cp314-cp314-manylinux2014_x86_64.manylinux_2_17_x86_64.whl", hash = "sha256:17bb6600e2455993946385249a3c3d0af52cd70c1c1cdbf712e9d696d0b0bf1b", size = 5168720, upload-time = "2026-02-18T16:51:36.499Z" },
    { url = "https://files.pythonhosted.org/packages/6f/0d/977af38ac19a6b55d22dff508bd743fd7c1901e1b73657e7937c7cccb0a3/psycopg_binary-3.3.3-cp314-cp314-manylinux_2_27_aarch64.manylinux_2_28_aarch64.whl", hash = "sha256:642050398583d61c9856210568eb09a8e4f2fe8224bf3be21b67a370e677eead", size = 6762076, upload-time = "2026-02-18T16:51:43.167Z" },
    { url = "https://files.pythonhosted.org/packages/34/40/912a39d48322cf86895c0eaf2d5b95cb899402443faefd4b09abbba6b6e1/psycopg_binary-3.3.3-cp314-cp314-manylinux_2_38_riscv64.manylinux_2_39_riscv64.whl", hash = "sha256:533efe6dc3a7cba5e2a84e38970786bb966306863e45f3db152007e9f48638a6", size = 4997623, upload-time = "2026-02-18T16:51:47.707Z" },
    { url = "https://files.pythonhosted.org/packages/98/0c/c14d0e259c65dc7be854d926993f151077887391d5a081118907a9d89603/psycopg_binary-3.3.3-cp314-cp314-musllinux_1_2_aarch64.whl", hash = "sha256:5958dbf28b77ce2033482f6cb9ef04d43f5d8f4b7636e6963d5626f000efb23e", size = 4532096, upload-time = "2026-02-18T16:51:51.421Z" },
    { url = "https://files.pythonhosted.org/packages/39/21/8b7c50a194cfca6ea0fd4d1f276158307785775426e90700ab2eba5cd623/psycopg_binary-3.3.3-cp314-cp314-musllinux_1_2_ppc64le.whl", hash = "sha256:a6af77b6626ce92b5817bf294b4d45ec1a6161dba80fc2d82cdffdd6814fd023", size = 4208884, upload-time = "2026-02-18T16:51:57.336Z" },
    { url = "https://files.pythonhosted.org/packages/c7/2c/a4981bf42cf30ebba0424971d7ce70a222ae9b82594c42fc3f2105d7b525/psycopg_binary-3.3.3-cp314-cp314-musllinux_1_2_riscv64.whl", hash = "sha256:47f06fcbe8542b4d96d7392c476a74ada521c5aebdb41c3c0155f6595fc14c8d", size = 3944542, upload-time = "2026-02-18T16:52:04.266Z" },
    { url = "https://files.pythonhosted.org/packages/60/e9/b7c29b56aa0b85a4e0c4d89db691c1ceef08f46a356369144430c155a2f5/psycopg_binary-3.3.3-cp314-cp314-musllinux_1_2_x86_64.whl", hash = "sha256:e7800e6c6b5dc4b0ca7cc7370f770f53ac83886b76afda0848065a674231e856", size = 4254339, upload-time = "2026-02-18T16:52:10.444Z" },
    { url = "https://files.pythonhosted.org/packages/98/5a/291d89f44d3820fffb7a04ebc8f3ef5dda4f542f44a5daea0c55a84abf45/psycopg_binary-3.3.3-cp314-cp314-win_amd64.whl", hash = "sha256:165f22ab5a9513a3d7425ffb7fcc7955ed8ccaeef6d37e369d6cc1dff1582383", size = 3652796, upload-time = "2026-02-18T16:52:14.02Z" },
]

[[package]]
name = "sqlalchemy"
version = "2.1.0b1"
source = { registry = "https://pypi.org/simple" }
dependencies = [
    { name = "typing-extensions" },
]
sdist = { url = "https://files.pythonhosted.org/packages/16/6e/cd3cb312bd34423598ca3faf425c9b38f0916ebedd26b0b6581b64320bf0/sqlalchemy-2.1.0b1.tar.gz", hash = "sha256:0ecaadef7c5a3f8977966554cbc925628a4efcf5ce8bc57e068b28bc5eaf2b6d", size = 10135160, upload-time = "2026-01-21T20:56:52.469Z" }
wheels = [
    { url = "https://files.pythonhosted.org/packages/6f/14/2b6445227d94802d8fb5df830a0a294264439a01a3e17c9905a853ef9857/sqlalchemy-2.1.0b1-cp314-cp314-macosx_11_0_arm64.whl", hash = "sha256:2769a01e5337434ad74db5f9afd6bbdec5cd072ef1c8bd03afd7c2f4dd1ae74b", size = 2291449, upload-time = "2026-01-21T21:08:09.697Z" },
    { url = "https://files.pythonhosted.org/packages/50/9d/ac99358e5091e525b2fed1336f0c3572f9025d2ca2e0b643f0164dbb1d43/sqlalchemy-2.1.0b1-cp314-cp314-manylinux2014_aarch64.manylinux_2_17_aarch64.manylinux_2_28_aarch64.whl", hash = "sha256:7d1bbebb6ad5bdbc96bae95978e240b12c0b8ee42adee3647f643a70a75e4163", size = 3971124, upload-time = "2026-01-21T21:16:19.531Z" },
    { url = "https://files.pythonhosted.org/packages/ca/bf/e3da618a1d18e7bab9c0eb32dbeff8ff59e81ec62fd804459b4f013eca01/sqlalchemy-2.1.0b1-cp314-cp314-manylinux2014_x86_64.manylinux_2_17_x86_64.manylinux_2_28_x86_64.whl", hash = "sha256:b2d5d630149f80460d98b8c80c48b0f99784a10ab1bee762fd519f0a7618ea1b", size = 3991324, upload-time = "2026-01-21T21:19:24.786Z" },
    { url = "https://files.pythonhosted.org/packages/35/6e/c8817bc2179454603760b9efaa806fa9790d0d386e8561d7139e2014ffeb/sqlalchemy-2.1.0b1-cp314-cp314-musllinux_1_2_aarch64.whl", hash = "sha256:7ebb738aaf70fe0f84807b96abbdfa48f307cc55090e420e99468cffd50ea315", size = 3906645, upload-time = "2026-01-21T21:16:20.835Z" },
    { url = "https://files.pythonhosted.org/packages/73/7d/f78a5f893f40537ec73a92ffa8b2af379d308742a55be726b272cfc2867b/sqlalchemy-2.1.0b1-cp314-cp314-musllinux_1_2_x86_64.whl", hash = "sha256:350f46c51aee31c58a5c749aae461059dd4d70c24994abb4bf8ce9893d7e9f32", size = 3959232, upload-time = "2026-01-21T21:19:26.285Z" },
    { url = "https://files.pythonhosted.org/packages/30/22/98d7daf2688b260f23d551f09238b29d1ed0902547df5156c1923d81354f/sqlalchemy-2.1.0b1-cp314-cp314-win32.whl", hash = "sha256:88744fe9d584640ebafd674450d1486c35200317ae6ec0a88d1d2c4e3ca5fdbe", size = 2232697, upload-time = "2026-01-21T21:19:12.269Z" },
    { url = "https://files.pythonhosted.org/packages/33/9e/e8a5a32617a00fdfb17049541ec28c34c845c55ee7378538834c3527119b/sqlalchemy-2.1.0b1-cp314-cp314-win_amd64.whl", hash = "sha256:d397f318e6afd90530a9c176428d3f16d42ac00b4cf878591f24c5b36e33ef7b", size = 2274286, upload-time = "2026-01-21T21:19:13.425Z" },
    { url = "https://files.pythonhosted.org/packages/b8/04/39b26fc86226e8561b970f4aeaf1a18b18453f8e53cf0ea3291654c61095/sqlalchemy-2.1.0b1-cp314-cp314-win_arm64.whl", hash = "sha256:6261fa556e3ac62d5e533d7c6a82ecb5cb29f313026de119337ad27b3d597b22", size = 2230391, upload-time = "2026-01-21T21:07:02.304Z" },
    { url = "https://files.pythonhosted.org/packages/45/eb/07e192fa2e1deb500e86e0b86883037116447360951a6c3eda2ce4f176f7/sqlalchemy-2.1.0b1-py3-none-any.whl", hash = "sha256:500f30a0d0cc21aaed9d7506e4239141bb6536c62aac33dfcddb5d5f4fe29a9f", size = 1964555, upload-time = "2026-01-21T20:57:43.145Z" },
]

[[package]]
name = "typing-extensions"
version = "4.15.0"
source = { registry = "https://pypi.org/simple" }
sdist = { url = "https://files.pythonhosted.org/packages/72/94/1a15dd82efb362ac84269196e94cf00f187f7ed21c242792a923cdb1c61f/typing_extensions-4.15.0.tar.gz", hash = "sha256:0cea48d173cc12fa28ecabc3b837ea3cf6f38c6d1136f85cbaaf598984861466", size = 109391, upload-time = "2025-08-25T13:49:26.313Z" }
wheels = [
    { url = "https://files.pythonhosted.org/packages/18/67/36e9267722cc04a6b9f15c7f3441c2363321a3ea07da7ae0c0707beb2a9c/typing_extensions-4.15.0-py3-none-any.whl", hash = "sha256:f0fa19c6845758ab08074a0cfa8b7aecb71c999ca73d62883bc25cc018c4e548", size = 44614, upload-time = "2025-08-25T13:49:24.86Z" },
]

[[package]]
name = "webencodings"
version = "0.5.1"
source = { registry = "https://pypi.org/simple" }
sdist = { url = "https://files.pythonhosted.org/packages/0b/02/ae6ceac1baeda530866a85075641cec12989bd8d31af6d5ab4a3e8c92f47/webencodings-0.5.1.tar.gz", hash = "sha256:b36a1c245f2d304965eb4e0a82848379241dc04b865afcc4aab16748587e1923", size = 9721, upload-time = "2017-04-05T20:21:34.189Z" }
wheels = [
    { url = "https://files.pythonhosted.org/packages/f4/24/2a3e3df732393fed8b3ebf2ec078f05546de641fe1b667ee316ec1dcf3b7/webencodings-0.5.1-py2.py3-none-any.whl", hash = "sha256:a0af1213f3c2226497a97e2b3aa01a7e4bee4f403f95be16fc9acd2947514a78", size = 11774, upload-time = "2017-04-05T20:21:32.581Z" },
]

[[package]]
name = "werkzeug"
version = "3.1.6"
source = { registry = "https://pypi.org/simple" }
dependencies = [
    { name = "markupsafe" },
]
sdist = { url = "https://files.pythonhosted.org/packages/61/f1/ee81806690a87dab5f5653c1f146c92bc066d7f4cebc603ef88eb9e13957/werkzeug-3.1.6.tar.gz", hash = "sha256:210c6bede5a420a913956b4791a7f4d6843a43b6fcee4dfa08a65e93007d0d25", size = 864736, upload-time = "2026-02-19T15:17:18.884Z" }
wheels = [
    { url = "https://files.pythonhosted.org/packages/4d/ec/d58832f89ede95652fd01f4f24236af7d32b70cab2196dfcc2d2fd13c5c2/werkzeug-3.1.6-py3-none-any.whl", hash = "sha256:7ddf3357bb9564e407607f988f683d72038551200c704012bb9a4c523d42f131", size = 225166, upload-time = "2026-02-19T15:17:17.475Z" },
]

[[package]]
name = "wtforms"
version = "3.2.1"
source = { registry = "https://pypi.org/simple" }
dependencies = [
    { name = "markupsafe" },
]
sdist = { url = "https://files.pythonhosted.org/packages/01/e4/633d080897e769ed5712dcfad626e55dbd6cf45db0ff4d9884315c6a82da/wtforms-3.2.1.tar.gz", hash = "sha256:df3e6b70f3192e92623128123ec8dca3067df9cfadd43d59681e210cfb8d4682", size = 137801, upload-time = "2024-10-21T11:34:00.108Z" }
wheels = [
    { url = "https://files.pythonhosted.org/packages/08/c9/2088fb5645cd289c99ebe0d4cdcc723922a1d8e1beaefb0f6f76dff9b21c/wtforms-3.2.1-py3-none-any.whl", hash = "sha256:583bad77ba1dd7286463f21e11aa3043ca4869d03575921d1a1698d0715e0fd4", size = 152454, upload-time = "2024-10-21T11:33:58.44Z" },
]
